{
  "pins" : [
    {
      "identity" : "sqlite.swift",
      "kind" : "remoteSourceControl",
      "location" : "https://github.com/stephencelis/SQLite.swift.git",
      "state" : {
        "revision" : "7a2e3cd27de56f6d396e84f63beefd0267b55ccb",
        "version" : "0.14.1"
      }
    },
    {
      "identity" : "sworm",
      "kind" : "remoteSourceControl",
      "location" : "https://github.com/yanun0323/Sworm",
      "state" : {
        "revision" : "8fdbf01a29d06296156b2995b9727ecf203a3624",
        "version" : "0.4.1"
      }
    }
  ],
  "version" : 2
}
