{
  "pins" : [
    {
      "identity" : "sqlite.swift",
      "kind" : "remoteSourceControl",
      "location" : "https://github.com/stephencelis/SQLite.swift.git",
      "state" : {
        "revision" : "7a2e3cd27de56f6d396e84f63beefd0267b55ccb",
        "version" : "0.14.1"
      }
    },
    {
      "identity" : "sworm",
      "kind" : "remoteSourceControl",
      "location" : "https://github.com/yanun0323/Sworm",
      "state" : {
        "revision" : "6d396234b542f15f6a6a93c3589970391ac1fbe3",
        "version" : "0.5.0"
      }
    }
  ],
  "version" : 2
}
